{
  "name": "nitram-elevate-main",
  "lockfileVersion": 3,
  "requires": true,
  "packages": {
    "": {
      "dependencies": {
        "@supabase/cli-windows-x64": "^2.115.0"
      }
    },
    "node_modules/@supabase/cli-windows-x64": {
      "version": "2.115.0",
      "resolved": "https://registry.npmjs.org/@supabase/cli-windows-x64/-/cli-windows-x64-2.115.0.tgz",
      "integrity": "sha512-jRXsJjbw/h0ssSpFQeClTTO2wtMw0YYS1yMzN2f/px4DehigBZNxSFB4thOtzmIJoisInm1gYV5pQJZla1Ytpw==",
      "cpu": [
        "x64"
      ],
      "license": "MIT",
      "os": [
        "win32"
      ]
    }
  }
}
